{"format_version":"1.0","provider_schemas":{"registry.terraform.io/hashicorp/boundary":{"provider":{"version":0,"block":{"attributes":{"addr":{"type":"string","description":"The base url of the Boundary API, e.g. \"http://127.0.0.1:9200\". If not set, it will be read from the \"BOUNDARY_ADDR\" env var.","description_kind":"markdown","required":true},"auth_method_id":{"type":"string","description":"The auth method ID e.g. ampw_1234567890. If not set, the default auth method for the given scope ID will be used.","description_kind":"markdown","optional":true},"auth_method_login_name":{"type":"string","description":"The auth method login name for password-style or ldap-style auth methods","description_kind":"markdown","optional":true},"auth_method_password":{"type":"string","description":"The auth method password for password-style or ldap-style auth methods","description_kind":"markdown","optional":true},"password_auth_method_login_name":{"type":"string","description":"The auth method login name for password-style auth methods","description_kind":"markdown","deprecated":true,"optional":true},"password_auth_method_password":{"type":"string","description":"The auth method password for password-style auth methods","description_kind":"markdown","deprecated":true,"optional":true},"plugin_execution_dir":{"type":"string","description":"Specifies a directory that the Boundary provider can use to write and execute its built-in plugins.","description_kind":"markdown","optional":true},"recovery_kms_hcl":{"type":"string","description":"Can be a heredoc string or a path on disk. If set, the string/file will be parsed as HCL and used with the recovery KMS mechanism. While this is set, it will override any other authentication information; the KMS mechanism will always be used. See Boundary's KMS docs for examples: https://boundaryproject.io/docs/configuration/kms","description_kind":"markdown","optional":true},"scope_id":{"type":"string","description":"The scope ID for the default auth method.","description_kind":"markdown","optional":true},"tls_insecure":{"type":"bool","description":"When set to true, does not validate the Boundary API endpoint certificate","description_kind":"markdown","optional":true},"token":{"type":"string","description":"The Boundary token to use, as a string or path on disk containing just the string. If set, the token read here will be used in place of authenticating with the auth method specified in \"auth_method_id\", although the recovery KMS mechanism will still override this. Can also be set with the BOUNDARY_TOKEN environment variable.","description_kind":"markdown","optional":true}},"description_kind":"plain"}},"resource_schemas":{"boundary_account":{"version":0,"block":{"attributes":{"auth_method_id":{"type":"string","description":"The resource ID for the auth method.","description_kind":"markdown","required":true},"description":{"type":"string","description":"The account description.","description_kind":"markdown","optional":true},"id":{"type":"string","description":"The ID of the account.","description_kind":"markdown","computed":true},"login_name":{"type":"string","description":"The login name for this account.","description_kind":"markdown","optional":true},"name":{"type":"string","description":"The account name. Defaults to the resource name.","description_kind":"markdown","optional":true},"password":{"type":"string","description":"The account password. Only set on create, changes will not be reflected when updating account.","description_kind":"markdown","optional":true,"sensitive":true},"type":{"type":"string","description":"The resource type.","description_kind":"markdown","required":true}},"description":"Deprecated: use `boundary_account_password` instead.","description_kind":"markdown","deprecated":true}},"boundary_account_ldap":{"version":0,"block":{"attributes":{"auth_method_id":{"type":"string","description":"The resource ID for the auth method.","description_kind":"markdown","required":true},"description":{"type":"string","description":"The account description.","description_kind":"markdown","optional":true},"id":{"type":"string","description":"The ID of the account.","description_kind":"markdown","computed":true},"login_name":{"type":"string","description":"The login name for this account.","description_kind":"markdown","optional":true},"name":{"type":"string","description":"The account name. Defaults to the resource name.","description_kind":"markdown","optional":true},"type":{"type":"string","description":"The resource type.","description_kind":"markdown","deprecated":true,"optional":true}},"description":"The account resource allows you to configure a Boundary account.","description_kind":"markdown"}},"boundary_account_oidc":{"version":0,"block":{"attributes":{"auth_method_id":{"type":"string","description":"The resource ID for the auth method.","description_kind":"markdown","required":true},"description":{"type":"string","description":"The account description.","description_kind":"markdown","optional":true},"id":{"type":"string","description":"The ID of the account.","description_kind":"markdown","computed":true},"issuer":{"type":"string","description":"The OIDC issuer.","description_kind":"markdown","optional":true},"name":{"type":"string","description":"The account name. Defaults to the resource name.","description_kind":"markdown","optional":true},"subject":{"type":"string","description":"The OIDC subject.","description_kind":"markdown","optional":true}},"description":"The account resource allows you to configure a Boundary account.","description_kind":"markdown"}},"boundary_account_password":{"version":0,"block":{"attributes":{"auth_method_id":{"type":"string","description":"The resource ID for the auth method.","description_kind":"markdown","required":true},"description":{"type":"string","description":"The account description.","description_kind":"markdown","optional":true},"id":{"type":"string","description":"The ID of the account.","description_kind":"markdown","computed":true},"login_name":{"type":"string","description":"The login name for this account.","description_kind":"markdown","optional":true},"name":{"type":"string","description":"The account name. Defaults to the resource name.","description_kind":"markdown","optional":true},"password":{"type":"string","description":"The account password. Only set on create, changes will not be reflected when updating account.","description_kind":"markdown","optional":true,"sensitive":true},"type":{"type":"string","description":"The resource type.","description_kind":"markdown","deprecated":true,"optional":true}},"description":"The account resource allows you to configure a Boundary account.","description_kind":"markdown"}},"boundary_auth_method":{"version":0,"block":{"attributes":{"description":{"type":"string","description":"The auth method description.","description_kind":"markdown","optional":true},"id":{"type":"string","description":"The ID of the account.","description_kind":"markdown","computed":true},"min_login_name_length":{"type":"number","description":"The minimum login name length.","description_kind":"markdown","deprecated":true,"optional":true,"computed":true},"min_password_length":{"type":"number","description":"The minimum password length.","description_kind":"markdown","deprecated":true,"optional":true,"computed":true},"name":{"type":"string","description":"The auth method name. Defaults to the resource name.","description_kind":"markdown","optional":true},"scope_id":{"type":"string","description":"The scope ID.","description_kind":"markdown","required":true},"type":{"type":"string","description":"The resource type.","description_kind":"markdown","required":true}},"description":"The auth method resource allows you to configure a Boundary auth_method.","description_kind":"markdown"}},"boundary_auth_method_ldap":{"version":0,"block":{"attributes":{"account_attribute_maps":{"type":["list","string"],"description":"Account attribute maps fullname and email.","description_kind":"markdown","optional":true},"anon_group_search":{"type":"bool","description":"Use anon bind when performing LDAP group searches (optional).","description_kind":"markdown","optional":true},"bind_dn":{"type":"string","description":"The distinguished name of entry to bind when performing user and group searches (optional).","description_kind":"markdown","optional":true},"bind_password":{"type":"string","description":"The password to use along with bind-dn performing user and group searches (optional).","description_kind":"markdown","optional":true},"bind_password_hmac":{"type":"string","description":"The HMAC of the bind password returned by the Boundary controller, which is used for comparison after initial setting of the value.","description_kind":"markdown","optional":true,"computed":true},"certificates":{"type":["list","string"],"description":"PEM-encoded X.509 CA certificate in ASN.1 DER form that can be used as a trust anchor when connecting to an LDAP server(optional).  This may be specified multiple times","description_kind":"markdown","optional":true},"client_certificate":{"type":"string","description":"PEM-encoded X.509 client certificate in ASN.1 DER form that can be used to authenticate against an LDAP server(optional).","description_kind":"markdown","optional":true},"client_certificate_key":{"type":"string","description":"PEM-encoded X.509 client certificate key in PKCS #8, ASN.1 DER form used with the client certificate (optional).","description_kind":"markdown","optional":true},"client_certificate_key_hmac":{"type":"string","description":"The HMAC of the client certificate key returned by the Boundary controller, which is used for comparison after initial setting of the value.","description_kind":"markdown","optional":true,"computed":true},"dereference_aliases":{"type":"string","description":"Control how aliases are dereferenced when performing the search. Can be one of: NeverDerefAliases, DerefInSearching, DerefFindingBaseObj, and DerefAlways (optional).","description_kind":"markdown","optional":true,"computed":true},"description":{"type":"string","description":"The auth method description.","description_kind":"markdown","optional":true},"discover_dn":{"type":"bool","description":"Use anon bind to discover the bind DN of a user (optional).","description_kind":"markdown","optional":true},"enable_groups":{"type":"bool","description":"Find the authenticated user's groups during authentication (optional).","description_kind":"markdown","optional":true},"group_attr":{"type":"string","description":"The attribute that enumerates a user's group membership from entries returned by a group search (optional).","description_kind":"markdown","optional":true},"group_dn":{"type":"string","description":"The base DN under which to perform group search.","description_kind":"markdown","optional":true},"group_filter":{"type":"string","description":"A go template used to construct a LDAP group search filter (optional).","description_kind":"markdown","optional":true},"id":{"type":"string","description":"The ID of the auth method.","description_kind":"markdown","computed":true},"insecure_tls":{"type":"bool","description":"Skip the LDAP server SSL certificate validation (optional) - insecure and use with caution.","description_kind":"markdown","optional":true},"is_primary_for_scope":{"type":"bool","description":"When true, makes this auth method the primary auth method for the scope in which it resides. The primary auth method for a scope means the the user will be automatically created when they login using an LDAP account.","description_kind":"markdown","optional":true},"maximum_page_size":{"type":"number","description":"MaximumPageSize specifies a maximum search result size to use when retrieving the authenticated user's groups (optional).","description_kind":"markdown","optional":true},"name":{"type":"string","description":"The auth method name. Defaults to the resource name.","description_kind":"markdown","optional":true},"scope_id":{"type":"string","description":"The scope ID.","description_kind":"markdown","required":true},"start_tls":{"type":"bool","description":"Issue StartTLS command after connecting (optional).","description_kind":"markdown","optional":true},"state":{"type":"string","description":"Can be one of 'inactive', 'active-private', or 'active-public'. Defaults to active-public.","description_kind":"markdown","optional":true,"computed":true},"type":{"type":"string","description":"The type of auth method; hardcoded.","description_kind":"markdown","optional":true},"upn_domain":{"type":"string","description":"The userPrincipalDomain used to construct the UPN string for the authenticating user (optional).","description_kind":"markdown","optional":true},"urls":{"type":["list","string"],"description":"The LDAP URLs that specify LDAP servers to connect to (required).  May be specified multiple times.","description_kind":"markdown","optional":true},"use_token_groups":{"type":"bool","description":"Use the Active Directory tokenGroups constructed attribute of the user to find the group memberships (optional).","description_kind":"markdown","optional":true},"user_attr":{"type":"string","description":"The attribute on user entry matching the username passed when authenticating (optional).","description_kind":"markdown","optional":true},"user_dn":{"type":"string","description":"The base DN under which to perform user search (optional).","description_kind":"markdown","optional":true},"user_filter":{"type":"string","description":"A go template used to construct a LDAP user search filter (optional).","description_kind":"markdown","optional":true}},"description":"The LDAP auth method resource allows you to configure a Boundary auth_method_ldap.","description_kind":"markdown"}},"boundary_auth_method_oidc":{"version":0,"block":{"attributes":{"account_claim_maps":{"type":["list","string"],"description":"Account claim maps for the to_claim of sub.","description_kind":"markdown","optional":true},"allowed_audiences":{"type":["list","string"],"description":"Audiences for which the provider responses will be allowed","description_kind":"markdown","optional":true},"api_url_prefix":{"type":"string","description":"The API prefix to use when generating callback URLs for the provider. Should be set to an address at which the provider can reach back to the controller.","description_kind":"markdown","optional":true},"callback_url":{"type":"string","description":"The URL that should be provided to the IdP for callbacks.","description_kind":"markdown","optional":true,"computed":true},"claims_scopes":{"type":["list","string"],"description":"Claims scopes.","description_kind":"markdown","optional":true},"client_id":{"type":"string","description":"The client ID assigned to this auth method from the provider.","description_kind":"markdown","optional":true},"client_secret":{"type":"string","description":"The secret key assigned to this auth method from the provider. Once set, only the hash will be kept and the original value can be removed from configuration.","description_kind":"markdown","optional":true,"sensitive":true},"client_secret_hmac":{"type":"string","description":"The HMAC of the client secret returned by the Boundary controller, which is used for comparison after initial setting of the value.","description_kind":"markdown","optional":true,"computed":true},"description":{"type":"string","description":"The auth method description.","description_kind":"markdown","optional":true},"disable_discovered_config_validation":{"type":"bool","description":"Disables validation logic ensuring that the OIDC provider's information from its discovery endpoint matches the information here. The validation is only performed at create or update time.","description_kind":"markdown","optional":true},"id":{"type":"string","description":"The ID of the auth method.","description_kind":"markdown","computed":true},"idp_ca_certs":{"type":["list","string"],"description":"A list of CA certificates to trust when validating the IdP's token signatures.","description_kind":"markdown","optional":true},"is_primary_for_scope":{"type":"bool","description":"When true, makes this auth method the primary auth method for the scope in which it resides. The primary auth method for a scope means the user will be automatically created when they login using an OIDC account.","description_kind":"markdown","optional":true},"issuer":{"type":"string","description":"The issuer corresponding to the provider, which must match the issuer field in generated tokens.","description_kind":"markdown","optional":true},"max_age":{"type":"number","description":"The max age to provide to the provider, indicating how much time is allowed to have passed since the last authentication before the user is challenged again. A value of 0 sets an immediate requirement for all users to reauthenticate, and an unset maxAge results in a Terraform value of -1 and the default TTL of the chosen OIDC will be used.","description_kind":"markdown","optional":true},"name":{"type":"string","description":"The auth method name. Defaults to the resource name.","description_kind":"markdown","optional":true},"prompts":{"type":["list","string"],"description":"The prompts passed to the identity provider to determine whether to prompt the end-user for reauthentication, account selection or consent. Please note the values passed are case-sensitive. The valid values are: `none`, `login`, `consent` and `select_account`. ","description_kind":"markdown","optional":true},"scope_id":{"type":"string","description":"The scope ID.","description_kind":"markdown","required":true},"signing_algorithms":{"type":["list","string"],"description":"Allowed signing algorithms for the provider's issued tokens.","description_kind":"markdown","optional":true},"state":{"type":"string","description":"Can be one of 'inactive', 'active-private', or 'active-public'. Currently automatically set to active-public.","description_kind":"markdown","optional":true,"computed":true},"type":{"type":"string","description":"The type of auth method; hardcoded.","description_kind":"markdown","optional":true}},"description":"The OIDC auth method resource allows you to configure a Boundary auth_method_oidc.","description_kind":"markdown"}},"boundary_auth_method_password":{"version":0,"block":{"attributes":{"description":{"type":"string","description":"The auth method description.","description_kind":"markdown","optional":true},"id":{"type":"string","description":"The ID of the account.","description_kind":"markdown","computed":true},"min_login_name_length":{"type":"number","description":"The minimum login name length.","description_kind":"markdown","optional":true,"computed":true},"min_password_length":{"type":"number","description":"The minimum password length.","description_kind":"markdown","optional":true,"computed":true},"name":{"type":"string","description":"The auth method name. Defaults to the resource name.","description_kind":"markdown","optional":true},"scope_id":{"type":"string","description":"The scope ID.","description_kind":"markdown","required":true},"type":{"type":"string","description":"The resource type, hardcoded per resource","description_kind":"markdown","optional":true}},"description":"The auth method resource allows you to configure a Boundary auth_method_password.","description_kind":"markdown"}},"boundary_credential_json":{"version":0,"block":{"attributes":{"credential_store_id":{"type":"string","description":"The credential store in which to save this json credential.","description_kind":"markdown","required":true},"description":{"type":"string","description":"The description of this json credential.","description_kind":"markdown","optional":true},"id":{"type":"string","description":"The ID of this json credential.","description_kind":"markdown","computed":true},"name":{"type":"string","description":"The name of this json credential. Defaults to the resource name.","description_kind":"markdown","optional":true},"object":{"type":"string","description":"The object for the this json credential. Either values encoded with the \"jsonencode\" function, pre-escaped JSON string, or a file","description_kind":"markdown","required":true,"sensitive":true},"object_hmac":{"type":"string","description":"The object hmac.","description_kind":"markdown","computed":true}},"description":"The json credential resource allows you to congiure a credential using a json object.","description_kind":"markdown"}},"boundary_credential_library_vault":{"version":0,"block":{"attributes":{"credential_mapping_overrides":{"type":["map","string"],"description":"The credential mapping override.","description_kind":"markdown","optional":true},"credential_store_id":{"type":"string","description":"The ID of the credential store that this library belongs to.","description_kind":"markdown","required":true},"credential_type":{"type":"string","description":"The type of credential the library generates. Cannot be updated on an existing resource.","description_kind":"markdown","optional":true},"description":{"type":"string","description":"The Vault credential library description.","description_kind":"markdown","optional":true},"http_method":{"type":"string","description":"The HTTP method the library uses when requesting credentials from Vault. Defaults to 'GET'","description_kind":"markdown","optional":true},"http_request_body":{"type":"string","description":"The body of the HTTP request the library sends to Vault when requesting credentials. Only valid if `http_method` is set to `POST`.","description_kind":"markdown","optional":true},"id":{"type":"string","description":"The ID of the Vault credential library.","description_kind":"markdown","computed":true},"name":{"type":"string","description":"The Vault credential library name. Defaults to the resource name.","description_kind":"markdown","optional":true},"path":{"type":"string","description":"The path in Vault to request credentials from.","description_kind":"markdown","required":true}},"description":"The credential library for Vault resource allows you to configure a Boundary credential library for Vault.","description_kind":"markdown"}},"boundary_credential_library_vault_ssh_certificate":{"version":0,"block":{"attributes":{"additional_valid_principals":{"type":["list","string"],"description":"Principals to be signed as \"valid_principles\" in addition to username.","description_kind":"markdown","optional":true},"credential_store_id":{"type":"string","description":"The ID of the credential store that this library belongs to.","description_kind":"markdown","required":true},"critical_options":{"type":["map","string"],"description":"Specifies a map of the critical options that the certificate should be signed for.","description_kind":"markdown","optional":true},"description":{"type":"string","description":"The Vault credential library description.","description_kind":"markdown","optional":true},"extensions":{"type":["map","string"],"description":"Specifies a map of the extensions that the certificate should be signed for.","description_kind":"markdown","optional":true},"id":{"type":"string","description":"The ID of the Vault credential library.","description_kind":"markdown","computed":true},"key_bits":{"type":"number","description":"Specifies the number of bits to use for the generated keys.","description_kind":"markdown","optional":true},"key_id":{"type":"string","description":"Specifies the key id a certificate should have.","description_kind":"markdown","optional":true},"key_type":{"type":"string","description":"Specifies the desired key type; must be ed25519, ecdsa, or rsa.","description_kind":"markdown","optional":true},"name":{"type":"string","description":"The Vault credential library name. Defaults to the resource name.","description_kind":"markdown","optional":true},"path":{"type":"string","description":"The path in Vault to request credentials from.","description_kind":"markdown","required":true},"ttl":{"type":"string","description":"Specifies the requested time to live for a certificate returned from the library.","description_kind":"markdown","optional":true},"username":{"type":"string","description":"The username to use with the certificate returned by the library.","description_kind":"markdown","required":true}},"description":"The credential library for Vault resource allows you to configure a Boundary credential library for Vault.","description_kind":"markdown"}},"boundary_credential_ssh_private_key":{"version":0,"block":{"attributes":{"credential_store_id":{"type":"string","description":"ID of the credential store this credential belongs to.","description_kind":"markdown","required":true},"description":{"type":"string","description":"The description of the credential.","description_kind":"markdown","optional":true},"id":{"type":"string","description":"The ID of the credential.","description_kind":"markdown","computed":true},"name":{"type":"string","description":"The name of the credential. Defaults to the resource name.","description_kind":"markdown","optional":true},"private_key":{"type":"string","description":"The private key associated with the credential.","description_kind":"markdown","required":true,"sensitive":true},"private_key_hmac":{"type":"string","description":"The private key hmac.","description_kind":"markdown","computed":true},"private_key_passphrase":{"type":"string","description":"The passphrase of the private key associated with the credential.","description_kind":"markdown","optional":true,"sensitive":true},"private_key_passphrase_hmac":{"type":"string","description":"The private key passphrase hmac.","description_kind":"markdown","computed":true},"username":{"type":"string","description":"The username associated with the credential.","description_kind":"markdown","required":true}},"description":"The SSH private key credential resource allows you to configure a credential using a username, private key and optional passphrase.","description_kind":"markdown"}},"boundary_credential_store_static":{"version":0,"block":{"attributes":{"description":{"type":"string","description":"The static credential store description.","description_kind":"markdown","optional":true},"id":{"type":"string","description":"The ID of the static credential store.","description_kind":"markdown","computed":true},"name":{"type":"string","description":"The static credential store name. Defaults to the resource name.","description_kind":"markdown","optional":true},"scope_id":{"type":"string","description":"The scope for this credential store.","description_kind":"markdown","required":true}},"description":"The static credential store resource allows you to configure a Boundary static credential store.","description_kind":"markdown"}},"boundary_credential_store_vault":{"version":0,"block":{"attributes":{"address":{"type":"string","description":"The address to Vault server. This should be a complete URL such as 'https://127.0.0.1:8200'","description_kind":"markdown","required":true},"ca_cert":{"type":"string","description":"A PEM-encoded CA certificate to verify the Vault server's TLS certificate.","description_kind":"markdown","optional":true},"client_certificate":{"type":"string","description":"A PEM-encoded client certificate to use for TLS authentication to the Vault server.","description_kind":"markdown","optional":true},"client_certificate_key":{"type":"string","description":"A PEM-encoded private key matching the client certificate from 'client_certificate'.","description_kind":"markdown","optional":true,"sensitive":true},"client_certificate_key_hmac":{"type":"string","description":"The Vault client certificate key hmac.","description_kind":"markdown","computed":true},"description":{"type":"string","description":"The Vault credential store description.","description_kind":"markdown","optional":true},"id":{"type":"string","description":"The ID of the Vault credential store.","description_kind":"markdown","computed":true},"name":{"type":"string","description":"The Vault credential store name. Defaults to the resource name.","description_kind":"markdown","optional":true},"namespace":{"type":"string","description":"The namespace within Vault to use.","description_kind":"markdown","optional":true},"scope_id":{"type":"string","description":"The scope for this credential store.","description_kind":"markdown","required":true},"tls_server_name":{"type":"string","description":"Name to use as the SNI host when connecting to Vault via TLS.","description_kind":"markdown","optional":true},"tls_skip_verify":{"type":"bool","description":"Whether or not to skip TLS verification.","description_kind":"markdown","optional":true},"token":{"type":"string","description":"A token used for accessing Vault.","description_kind":"markdown","required":true,"sensitive":true},"token_hmac":{"type":"string","description":"The Vault token hmac.","description_kind":"markdown","computed":true},"worker_filter":{"type":"string","description":"HCP Only. A filter used to control which PKI workers can handle Vault requests. This allows the use of private Vault instances with Boundary.","description_kind":"markdown","optional":true}},"description":"The credential store for Vault resource allows you to configure a Boundary credential store for Vault.","description_kind":"markdown"}},"boundary_credential_username_password":{"version":0,"block":{"attributes":{"credential_store_id":{"type":"string","description":"The credential store in which to save this username/password credential.","description_kind":"markdown","required":true},"description":{"type":"string","description":"The description of this username/password credential.","description_kind":"markdown","optional":true},"id":{"type":"string","description":"The ID of this username/password credential.","description_kind":"markdown","computed":true},"name":{"type":"string","description":"The name of this username/password credential. Defaults to the resource name.","description_kind":"markdown","optional":true},"password":{"type":"string","description":"The password of this username/password credential.","description_kind":"markdown","required":true,"sensitive":true},"password_hmac":{"type":"string","description":"The password hmac.","description_kind":"markdown","computed":true},"username":{"type":"string","description":"The username of this username/password credential.","description_kind":"markdown","required":true}},"description":"The username/password credential resource allows you to configure a credential using a username and password pair.","description_kind":"markdown"}},"boundary_group":{"version":0,"block":{"attributes":{"description":{"type":"string","description":"The group description.","description_kind":"markdown","optional":true},"id":{"type":"string","description":"The ID of the group.","description_kind":"markdown","computed":true},"member_ids":{"type":["set","string"],"description":"Resource IDs for group members, these are most likely boundary users.","description_kind":"markdown","optional":true},"name":{"type":"string","description":"The group name. Defaults to the resource name.","description_kind":"markdown","optional":true},"scope_id":{"type":"string","description":"The scope ID in which the resource is created. Defaults to the provider's `default_scope` if unset.","description_kind":"markdown","required":true}},"description":"The group resource allows you to configure a Boundary group.","description_kind":"markdown"}},"boundary_host":{"version":0,"block":{"attributes":{"address":{"type":"string","description":"The static address of the host resource as `\u003cIP\u003e` (note: port assignment occurs in the target resource definition, do not add :port here) or a domain name.","description_kind":"markdown","optional":true},"description":{"type":"string","description":"The host description.","description_kind":"markdown","optional":true},"host_catalog_id":{"type":"string","description_kind":"plain","required":true},"id":{"type":"string","description":"The ID of the host.","description_kind":"markdown","computed":true},"name":{"type":"string","description":"The host name. Defaults to the resource name.","description_kind":"markdown","optional":true},"type":{"type":"string","description":"The type of host","description_kind":"markdown","required":true}},"description":"Deprecated: use `boundary_host_static` instead.","description_kind":"markdown","deprecated":true}},"boundary_host_catalog":{"version":0,"block":{"attributes":{"description":{"type":"string","description":"The host catalog description.","description_kind":"markdown","optional":true},"id":{"type":"string","description":"The ID of the host catalog.","description_kind":"markdown","computed":true},"name":{"type":"string","description":"The host catalog name. Defaults to the resource name.","description_kind":"markdown","optional":true},"scope_id":{"type":"string","description":"The scope ID in which the resource is created.","description_kind":"markdown","required":true},"type":{"type":"string","description":"The host catalog type. Only `static` is supported.","description_kind":"markdown","required":true}},"description":"Deprecated: use `boundary_host_catalog_static` instead.","description_kind":"markdown","deprecated":true}},"boundary_host_catalog_plugin":{"version":0,"block":{"attributes":{"attributes_json":{"type":"string","description":"The attributes for the host catalog. Either values encoded with the \"jsonencode\" function, pre-escaped JSON string, or a file:// or env:// path. Set to a string \"null\" or remove the block to clear all attributes in the host catalog.","description_kind":"markdown","optional":true},"description":{"type":"string","description":"The host catalog description.","description_kind":"markdown","optional":true},"id":{"type":"string","description":"The ID of the host catalog.","description_kind":"markdown","computed":true},"internal_force_update":{"type":"string","description":"Internal only. Used to force update so that we can always check the value of secrets.","description_kind":"markdown","optional":true,"computed":true},"internal_hmac_used_for_secrets_config_hmac":{"type":"string","description":"Internal only. The Boundary-provided HMAC used to calculate the current value of the HMAC'd config. Used for drift detection.","description_kind":"markdown","optional":true,"computed":true},"internal_secrets_config_hmac":{"type":"string","description":"Internal only. HMAC of (serverSecretsHmac + config secrets). Used for proper secrets handling.","description_kind":"markdown","optional":true,"computed":true},"name":{"type":"string","description":"The host catalog name. Defaults to the resource name.","description_kind":"markdown","optional":true},"plugin_id":{"type":"string","description":"The ID of the plugin that should back the resource. This or plugin_name must be defined.","description_kind":"markdown","optional":true,"computed":true},"plugin_name":{"type":"string","description":"The name of the plugin that should back the resource. This or plugin_id must be defined.","description_kind":"markdown","optional":true,"computed":true},"scope_id":{"type":"string","description":"The scope ID in which the resource is created.","description_kind":"markdown","required":true},"secrets_hmac":{"type":"string","description":"The HMAC'd secrets value returned from the server.","description_kind":"markdown","optional":true,"computed":true},"secrets_json":{"type":"string","description":"The secrets for the host catalog. Either values encoded with the \"jsonencode\" function, pre-escaped JSON string, or a file:// or env:// path. Set to a string \"null\" to clear any existing values. NOTE: Unlike \"attributes_json\", removing this block will NOT clear secrets from the host catalog; this allows injecting secrets for one call, then removing them for storage.","description_kind":"markdown","optional":true,"sensitive":true}},"description":"The host catalog resource allows you to configure a Boundary plugin-type host catalog. Host catalogs are always part of a project, so a project resource should be used inline or you should have the project ID in hand to successfully configure a host catalog.","description_kind":"markdown"}},"boundary_host_catalog_static":{"version":0,"block":{"attributes":{"description":{"type":"string","description":"The host catalog description.","description_kind":"markdown","optional":true},"id":{"type":"string","description":"The ID of the host catalog.","description_kind":"markdown","computed":true},"name":{"type":"string","description":"The host catalog name. Defaults to the resource name.","description_kind":"markdown","optional":true},"scope_id":{"type":"string","description":"The scope ID in which the resource is created.","description_kind":"markdown","required":true}},"description":"The static host catalog resource allows you to configure a Boundary static-type host catalog. Host catalogs are always part of a project, so a project resource should be used inline or you should have the project ID in hand to successfully configure a host catalog.","description_kind":"markdown"}},"boundary_host_set":{"version":0,"block":{"attributes":{"description":{"type":"string","description":"The host set description.","description_kind":"markdown","optional":true},"host_catalog_id":{"type":"string","description":"The catalog for the host set.","description_kind":"markdown","required":true},"host_ids":{"type":["set","string"],"description":"The list of host IDs contained in this set.","description_kind":"markdown","optional":true},"id":{"type":"string","description":"The ID of the host set.","description_kind":"markdown","computed":true},"name":{"type":"string","description":"The host set name. Defaults to the resource name.","description_kind":"markdown","optional":true},"type":{"type":"string","description":"The type of host set","description_kind":"markdown","required":true}},"description":"Deprecated: use `boundary_host_set_static` instead.","description_kind":"markdown","deprecated":true}},"boundary_host_set_plugin":{"version":0,"block":{"attributes":{"attributes_json":{"type":"string","description":"The attributes for the host set. Either values encoded with the \"jsonencode\" function, pre-escaped JSON string, or a file:// or env:// path. Set to a string \"null\" or remove the block to clear all attributes in the host set.","description_kind":"markdown","optional":true},"description":{"type":"string","description":"The host set description.","description_kind":"markdown","optional":true},"host_catalog_id":{"type":"string","description":"The catalog for the host set.","description_kind":"markdown","required":true},"id":{"type":"string","description":"The ID of the host set.","description_kind":"markdown","computed":true},"name":{"type":"string","description":"The host set name. Defaults to the resource name.","description_kind":"markdown","optional":true},"preferred_endpoints":{"type":["list","string"],"description":"The ordered list of preferred endpoints.","description_kind":"markdown","optional":true},"sync_interval_seconds":{"type":"number","description":"The value to set for the sync interval seconds.","description_kind":"markdown","optional":true},"type":{"type":"string","description":"The type of host set","description_kind":"markdown","optional":true}},"description":"The host_set_plugin resource allows you to configure a Boundary host set. Host sets are always part of a host catalog, so a host catalog resource should be used inline or you should have the host catalog ID in hand to successfully configure a host set.","description_kind":"markdown"}},"boundary_host_set_static":{"version":0,"block":{"attributes":{"description":{"type":"string","description":"The host set description.","description_kind":"markdown","optional":true},"host_catalog_id":{"type":"string","description":"The catalog for the host set.","description_kind":"markdown","required":true},"host_ids":{"type":["set","string"],"description":"The list of host IDs contained in this set.","description_kind":"markdown","optional":true},"id":{"type":"string","description":"The ID of the host set.","description_kind":"markdown","computed":true},"name":{"type":"string","description":"The host set name. Defaults to the resource name.","description_kind":"markdown","optional":true},"type":{"type":"string","description":"The type of host set","description_kind":"markdown","optional":true}},"description":"The host_set_static resource allows you to configure a Boundary host set. Host sets are always part of a host catalog, so a host catalog resource should be used inline or you should have the host catalog ID in hand to successfully configure a host set.","description_kind":"markdown"}},"boundary_host_static":{"version":0,"block":{"attributes":{"address":{"type":"string","description":"The static address of the host resource as `\u003cIP\u003e` (note: port assignment occurs in the target resource definition, do not add :port here) or a domain name.","description_kind":"markdown","optional":true},"description":{"type":"string","description":"The host description.","description_kind":"markdown","optional":true},"host_catalog_id":{"type":"string","description_kind":"plain","required":true},"id":{"type":"string","description":"The ID of the host.","description_kind":"markdown","computed":true},"name":{"type":"string","description":"The host name. Defaults to the resource name.","description_kind":"markdown","optional":true},"type":{"type":"string","description":"The type of host","description_kind":"markdown","optional":true}},"description":"The static host resource allows you to configure a Boundary static host. Hosts are always part of a project, so a project resource should be used inline or you should have the project ID in hand to successfully configure a host.","description_kind":"markdown"}},"boundary_managed_group":{"version":0,"block":{"attributes":{"auth_method_id":{"type":"string","description":"The resource ID for the auth method.","description_kind":"markdown","required":true},"description":{"type":"string","description":"The managed group description.","description_kind":"markdown","optional":true},"filter":{"type":"string","description":"Boolean expression to filter the workers for this managed group.","description_kind":"markdown","required":true},"id":{"type":"string","description":"The ID of the group.","description_kind":"markdown","computed":true},"name":{"type":"string","description":"The managed group name. Defaults to the resource name.","description_kind":"markdown","optional":true}},"description":"The managed group resource allows you to configure a Boundary group.","description_kind":"markdown"}},"boundary_managed_group_ldap":{"version":0,"block":{"attributes":{"auth_method_id":{"type":"string","description":"The resource ID for the auth method.","description_kind":"markdown","required":true},"description":{"type":"string","description":"The managed group description.","description_kind":"markdown","optional":true},"group_names":{"type":["list","string"],"description":"The list of groups that make up the managed group.","description_kind":"markdown","required":true},"id":{"type":"string","description":"The ID of the group.","description_kind":"markdown","computed":true},"name":{"type":"string","description":"The managed group name. Defaults to the resource name.","description_kind":"markdown","optional":true}},"description":"The managed group resource allows you to configure a Boundary group.","description_kind":"markdown"}},"boundary_policy_storage":{"version":0,"block":{"attributes":{"delete_after_days":{"type":"number","description":"The number of days after which a session recording will be automatically deleted. Defaults to 0: never automatically delete. However, delete_after_days and retain_for_days cannot both be 0.","description_kind":"markdown","optional":true},"delete_after_overridable":{"type":"bool","description":"Whether or not the associated delete_after_days value can be overridden by org scopes. Note: if the associated delete_after_days value is 0, overridable is ignored","description_kind":"markdown","optional":true},"description":{"type":"string","description":"The policy description.","description_kind":"markdown","optional":true},"id":{"type":"string","description":"The ID of the policy.","description_kind":"markdown","computed":true},"name":{"type":"string","description":"The policy name. Defaults to the resource name.","description_kind":"markdown","optional":true},"retain_for_days":{"type":"number","description":"The number of days a session recording is required to be stored. Defaults to 0: allow deletions at any time. However, retain_for_days and delete_after_days cannot both be 0.","description_kind":"markdown","optional":true},"retain_for_overridable":{"type":"bool","description":"Whether or not the associated retain_for_days value can be overridden by org scopes. Note: if the associated retain_for_days value is 0, overridable is ignored.","description_kind":"markdown","optional":true},"scope_id":{"type":"string","description":"The scope for this policy.","description_kind":"markdown","required":true}},"description":"The storage policy resource allows you to configure a Boundary storage policy. Storage policies allow an admin to configure how long session recordings must be stored and when to delete them. Storage policies must be applied to the global scope or an org scope in order to take effect.","description_kind":"markdown"}},"boundary_role":{"version":0,"block":{"attributes":{"description":{"type":"string","description":"The role description.","description_kind":"markdown","optional":true},"grant_scope_id":{"type":"string","description":"For Boundary 0.15+, use `grant_scope_ids` instead. The scope for which the grants in the role should apply.","description_kind":"markdown","deprecated":true,"optional":true,"computed":true},"grant_scope_ids":{"type":["set","string"],"description":"A list of scopes for which the grants in this role should apply, which can include the special values \"this\", \"children\", or \"descendants\"","description_kind":"markdown","optional":true,"computed":true},"grant_strings":{"type":["set","string"],"description":"A list of stringified grants for the role.","description_kind":"markdown","optional":true},"id":{"type":"string","description":"The ID of the role.","description_kind":"markdown","computed":true},"name":{"type":"string","description":"The role name. Defaults to the resource name.","description_kind":"markdown","optional":true},"principal_ids":{"type":["set","string"],"description":"A list of principal (user or group) IDs to add as principals on the role.","description_kind":"markdown","optional":true},"scope_id":{"type":"string","description":"The scope ID in which the resource is created. Defaults to the provider's `default_scope` if unset.","description_kind":"markdown","required":true}},"description":"The role resource allows you to configure a Boundary role.","description_kind":"markdown"}},"boundary_scope":{"version":0,"block":{"attributes":{"auto_create_admin_role":{"type":"bool","description":"If set, when a new scope is created, the provider will not disable the functionality that automatically creates a role in the new scope and gives permissions to manage the scope to the provider's user. Marking this true makes for simpler HCL but results in role resources that are unmanaged by Terraform.","description_kind":"markdown","optional":true},"auto_create_default_role":{"type":"bool","description":"Only relevant when creating an org scope. If set, when a new scope is created, the provider will not disable the functionality that automatically creates a role in the new scope and gives listing of scopes and auth methods and the ability to authenticate to the anonymous user. Marking this true makes for simpler HCL but results in role resources that are unmanaged by Terraform.","description_kind":"markdown","optional":true},"description":{"type":"string","description":"The scope description.","description_kind":"markdown","optional":true},"global_scope":{"type":"bool","description":"Indicates that the scope containing this value is the global scope, which triggers some specialized behavior to allow it to be imported and managed.","description_kind":"markdown","optional":true},"id":{"type":"string","description":"The ID of the scope.","description_kind":"markdown","computed":true},"name":{"type":"string","description":"The scope name. Defaults to the resource name.","description_kind":"markdown","optional":true},"scope_id":{"type":"string","description":"The scope ID containing the sub scope resource.","description_kind":"markdown","required":true}},"description":"The scope resource allows you to configure a Boundary scope.","description_kind":"markdown"}},"boundary_scope_policy_attachment":{"version":0,"block":{"attributes":{"id":{"type":"string","description_kind":"plain","optional":true,"computed":true},"policy_id":{"type":"string","description_kind":"plain","required":true},"scope_id":{"type":"string","description_kind":"plain","required":true}},"description_kind":"plain"}},"boundary_storage_bucket":{"version":0,"block":{"attributes":{"attributes_json":{"type":"string","description":"The attributes for the storage bucket. The \"region\" attribute field is required when creating an AWS storage bucket. Values are either encoded with the \"jsonencode\" function, pre-escaped JSON string, or a file:// or env:// path. Set to a string \"null\" or remove the block to clear all attributes in the storage bucket.","description_kind":"markdown","optional":true},"bucket_name":{"type":"string","description":"The name of the bucket within the external object store service.","description_kind":"markdown","required":true},"bucket_prefix":{"type":"string","description":"The prefix used to organize the data held within the external object store.","description_kind":"markdown","optional":true},"description":{"type":"string","description":"The storage bucket description.","description_kind":"markdown","optional":true},"id":{"type":"string","description":"The ID of the storage bucket.","description_kind":"markdown","computed":true},"internal_force_update":{"type":"string","description":"Internal only. Used to force update so that we can always check the value of secrets.","description_kind":"markdown","computed":true},"internal_hmac_used_for_secrets_config_hmac":{"type":"string","description":"Internal only. The Boundary-provided HMAC used to calculate the current value of the HMAC'd config. Used for drift detection.","description_kind":"markdown","computed":true},"internal_secrets_config_hmac":{"type":"string","description":"Internal only. HMAC of (serverSecretsHmac + config secrets). Used for proper secrets handling.","description_kind":"markdown","computed":true},"name":{"type":"string","description":"The storage bucket name. Defaults to the resource name.","description_kind":"markdown","optional":true},"plugin_id":{"type":"string","description":"The ID of the plugin that should back the resource. This or plugin_name must be defined.","description_kind":"markdown","optional":true,"computed":true},"plugin_name":{"type":"string","description":"The name of the plugin that should back the resource. This or plugin_id must be defined.","description_kind":"markdown","optional":true},"scope_id":{"type":"string","description":"The scope for this storage bucket.","description_kind":"markdown","required":true},"secrets_hmac":{"type":"string","description":"The HMAC'd secrets value returned from the server.","description_kind":"markdown","computed":true},"secrets_json":{"type":"string","description":"The secrets for the storage bucket. Either values encoded with the \"jsonencode\" function, pre-escaped JSON string, or a file:// or env:// path. Set to a string \"null\" to clear any existing values. NOTE: Unlike \"attributes_json\", removing this block will NOT clear secrets from the storage bucket; this allows injecting secrets for one call, then removing them for storage.","description_kind":"markdown","optional":true,"sensitive":true},"worker_filter":{"type":"string","description":"Filters to the worker(s) that can handle requests for this storage bucket. The filter must match an existing worker in order to create a storage bucket.","description_kind":"markdown","required":true}},"description":"The storage bucket resource allows you to configure a Boundary storage bucket. A storage bucket can only belong to the Global scope or an Org scope. At this time, the only supported storage for storage buckets is AWS S3. This feature requires Boundary Enterprise or Boundary HCP.","description_kind":"markdown"}},"boundary_target":{"version":0,"block":{"attributes":{"address":{"type":"string","description":"Optionally, a valid network address to connect to for this target. Cannot be used alongside host_source_ids.","description_kind":"markdown","optional":true},"brokered_credential_source_ids":{"type":["set","string"],"description":"A list of brokered credential source ID's.","description_kind":"markdown","optional":true},"default_client_port":{"type":"number","description":"The default client port for this target.","description_kind":"markdown","optional":true},"default_port":{"type":"number","description":"The default port for this target.","description_kind":"markdown","optional":true},"description":{"type":"string","description":"The target description.","description_kind":"markdown","optional":true},"egress_worker_filter":{"type":"string","description":"Boolean expression to filter the workers used to access this target","description_kind":"markdown","optional":true},"enable_session_recording":{"type":"bool","description":"HCP/Ent Only. Enable sessions recording for this target. Only applicable for SSH targets.","description_kind":"markdown","optional":true},"host_source_ids":{"type":["set","string"],"description":"A list of host source ID's. Cannot be used alongside address.","description_kind":"markdown","optional":true},"id":{"type":"string","description":"The ID of the target.","description_kind":"markdown","computed":true},"ingress_worker_filter":{"type":"string","description":"HCP Only. Boolean expression to filter the workers a user will connect to when initiating a session against this target","description_kind":"markdown","optional":true},"injected_application_credential_source_ids":{"type":["set","string"],"description":"A list of injected application credential source ID's.","description_kind":"markdown","optional":true},"name":{"type":"string","description":"The target name. Defaults to the resource name.","description_kind":"markdown","optional":true},"scope_id":{"type":"string","description":"The scope ID in which the resource is created. Defaults to the provider's `default_scope` if unset.","description_kind":"markdown","required":true},"session_connection_limit":{"type":"number","description_kind":"plain","optional":true,"computed":true},"session_max_seconds":{"type":"number","description_kind":"plain","optional":true,"computed":true},"storage_bucket_id":{"type":"string","description":"HCP/Ent Only. Storage bucket for this target. Only applicable for SSH targets.","description_kind":"markdown","optional":true},"type":{"type":"string","description":"The target resource type.","description_kind":"markdown","required":true},"worker_filter":{"type":"string","description":"Boolean expression to filter the workers for this target","description_kind":"markdown","deprecated":true,"optional":true}},"description":"The target resource allows you to configure a Boundary target.","description_kind":"markdown"}},"boundary_user":{"version":0,"block":{"attributes":{"account_ids":{"type":["set","string"],"description":"Account ID's to associate with this user resource.","description_kind":"markdown","optional":true},"description":{"type":"string","description":"The user description.","description_kind":"markdown","optional":true},"id":{"type":"string","description":"The ID of the user.","description_kind":"markdown","computed":true},"name":{"type":"string","description":"The username. Defaults to the resource name.","description_kind":"markdown","optional":true},"scope_id":{"type":"string","description":"The scope ID in which the resource is created. Defaults to the provider's `default_scope` if unset.","description_kind":"markdown","required":true}},"description":"The user resource allows you to configure a Boundary user.","description_kind":"markdown"}},"boundary_worker":{"version":0,"block":{"attributes":{"address":{"type":"string","description":"The accessible address of the self managed worker.","description_kind":"markdown","computed":true},"authorized_actions":{"type":["list","string"],"description":"A list of actions that the worker is entitled to perform.","description_kind":"markdown","computed":true},"controller_generated_activation_token":{"type":"string","description":"A single use token generated by the controller to be passed to the self-managed worker.","description_kind":"markdown","computed":true},"description":{"type":"string","description":"The description for the worker.","description_kind":"markdown","optional":true},"id":{"type":"string","description":"The ID of the worker.","description_kind":"markdown","computed":true},"name":{"type":"string","description":"The name for the worker.","description_kind":"markdown","optional":true},"release_version":{"type":"number","description":"The version of the Boundary binary running on the self managed worker.","description_kind":"markdown","computed":true},"scope_id":{"type":"string","description":"The scope for the worker. Defaults to `global`.","description_kind":"markdown","optional":true},"worker_generated_auth_token":{"type":"string","description":"The worker authentication token required to register the worker for the worker-led authentication flow. Leaving this blank will result in a controller generated token.","description_kind":"markdown","optional":true}},"description":"The resource allows you to create a self-managed worker object.","description_kind":"markdown"}}},"data_source_schemas":{"boundary_account":{"version":0,"block":{"attributes":{"auth_method_id":{"type":"string","description":"The auth method ID that will be queried for the account.","description_kind":"markdown","required":true},"description":{"type":"string","description":"The description of the retrieved account.","description_kind":"markdown","computed":true},"id":{"type":"string","description":"The ID of the retrieved account.","description_kind":"markdown","computed":true},"name":{"type":"string","description":"The name of the account to retrieve.","description_kind":"markdown","required":true},"scope":{"type":["list",["object",{"description":"string","id":"string","name":"string","parent_scope_id":"string","type":"string"}]],"description_kind":"plain","computed":true},"type":{"type":"string","description":"The type of the account","description_kind":"markdown","computed":true}},"description":"The boundary_account data source allows you to find a Boundary account.","description_kind":"markdown"}},"boundary_auth_method":{"version":0,"block":{"attributes":{"description":{"type":"string","description":"The description of the retrieved auth method.","description_kind":"markdown","computed":true},"id":{"type":"string","description":"The ID of the retrieved auth method.","description_kind":"markdown","computed":true},"name":{"type":"string","description":"The name of the auth method to retrieve.","description_kind":"markdown","required":true},"scope":{"type":["list",["object",{"description":"string","id":"string","name":"string","parent_scope_id":"string","type":"string"}]],"description_kind":"plain","computed":true},"scope_id":{"type":"string","description":"The scope ID in which the resource is created. Defaults `global` if unset.","description_kind":"markdown","optional":true},"type":{"type":"string","description":"The type of the auth method","description_kind":"markdown","computed":true}},"description":"The boundary_auth_method data source allows you to find a Boundary auth method.","description_kind":"markdown"}},"boundary_group":{"version":0,"block":{"attributes":{"description":{"type":"string","description":"The description of the retrieved group.","description_kind":"markdown","computed":true},"id":{"type":"string","description":"The ID of the retrieved group.","description_kind":"markdown","computed":true},"member_ids":{"type":["set","string"],"description":"Resource IDs for group members, these are most likely boundary users.","description_kind":"markdown","computed":true},"name":{"type":"string","description":"The name of the group to retrieve.","description_kind":"markdown","required":true},"scope":{"type":["list",["object",{"description":"string","id":"string","name":"string","parent_scope_id":"string","type":"string"}]],"description_kind":"plain","computed":true},"scope_id":{"type":"string","description":"The scope ID in which the resource is created. Defaults `global` if unset.","description_kind":"markdown","optional":true}},"description":"The boundary_group data source allows you to find a Boundary group.","description_kind":"markdown"}},"boundary_scope":{"version":0,"block":{"attributes":{"description":{"type":"string","description":"The description of the retrieved scope.","description_kind":"markdown","computed":true},"id":{"type":"string","description":"The ID of the retrieved scope.","description_kind":"markdown","computed":true},"name":{"type":"string","description":"The name of the scope to retrieve.","description_kind":"markdown","required":true},"scope_id":{"type":"string","description":"The parent scope ID that will be queried for the scope.","description_kind":"markdown","required":true}},"description":"The scope data source allows you to discover an existing Boundary scope by name.","description_kind":"markdown"}},"boundary_user":{"version":0,"block":{"attributes":{"account_ids":{"type":["set","string"],"description":"Account ID's to associate with this user resource.","description_kind":"markdown","computed":true},"authorized_actions":{"type":["list","string"],"description":"A list of actions that the worker is entitled to perform.","description_kind":"markdown","computed":true},"description":{"type":"string","description":"The user description.","description_kind":"markdown","computed":true},"id":{"type":"string","description":"The ID of the user.","description_kind":"markdown","computed":true},"login_name":{"type":"string","description":"Login name for user.","description_kind":"markdown","computed":true},"name":{"type":"string","description":"The username to search for.","description_kind":"markdown","required":true},"primary_account_id":{"type":"string","description":"Primary account ID.","description_kind":"markdown","computed":true},"scope":{"type":["list",["object",{"description":"string","id":"string","name":"string","parent_scope_id":"string","type":"string"}]],"description_kind":"plain","computed":true},"scope_id":{"type":"string","description":"The scope ID in which the resource is created. Defaults `global` if unset.","description_kind":"markdown","optional":true}},"description":"The user data source allows you to find a Boundary user.","description_kind":"markdown"}}}}}}
